
Microsoft Visual Studio Solution File, Format Version 12.00
# Visual Studio 14
VisualStudioVersion = 14.0.23107.0
MinimumVisualStudioVersion = 10.0.40219.1
Project("{2150E333-8FDC-42A3-9474-1A3956D46DE8}") = "src", "src", "{3CA41452-F7A1-451E-84CD-6EE6C3E15375}"
EndProject
Project("{2150E333-8FDC-42A3-9474-1A3956D46DE8}") = "Solution Items", "Solution Items", "{C3443AEF-8CEA-4E2C-A87E-317AB879F1C1}"
	ProjectSection(SolutionItems) = preProject
		global.json = global.json
	EndProjectSection
EndProject
Project("{8BB2217D-0F2D-49D1-97BC-3654ED321F3B}") = "ConsoleApp1", "src\ConsoleApp1\ConsoleApp1.xproj", "{D4D02886-27CC-415B-A79C-A24FC012CB98}"
EndProject
Global
	GlobalSection(SolutionConfigurationPlatforms) = preSolution
		Debug|Any CPU = Debug|Any CPU
		Release|Any CPU = Release|Any CPU
	EndGlobalSection
	GlobalSection(ProjectConfigurationPlatforms) = postSolution
		{D4D02886-27CC-415B-A79C-A24FC012CB98}.Debug|Any CPU.ActiveCfg = Debug|Any CPU
		{D4D02886-27CC-415B-A79C-A24FC012CB98}.Debug|Any CPU.Build.0 = Debug|Any CPU
		{D4D02886-27CC-415B-A79C-A24FC012CB98}.Release|Any CPU.ActiveCfg = Release|Any CPU
		{D4D02886-27CC-415B-A79C-A24FC012CB98}.Release|Any CPU.Build.0 = Release|Any CPU
	EndGlobalSection
	GlobalSection(SolutionProperties) = preSolution
		HideSolutionNode = FALSE
	EndGlobalSection
	GlobalSection(NestedProjects) = preSolution
		{D4D02886-27CC-415B-A79C-A24FC012CB98} = {3CA41452-F7A1-451E-84CD-6EE6C3E15375}
	EndGlobalSection
	GlobalSection(TeamFoundationVersionControl) = preSolution
		SccNumberOfProjects = 2
		SccEnterpriseProvider = {4CA58AB2-18FA-4F8D-95D4-32DDF27D184C}
		SccTeamFoundationServer = https://avot.visualstudio.com/defaultcollection
		SccLocalPath0 = .
		SccProjectUniqueName1 = src\\ConsoleApp1\\ConsoleApp1.xproj
		SccProjectTopLevelParentUniqueName1 = ConsoleApp1.sln
		SccProjectName1 = src/ConsoleApp1
		SccLocalPath1 = src\\ConsoleApp1
	EndGlobalSection
EndGlobal
